
Microsoft Visual Studio Solution File, Format Version 12.00
# Visual Studio Version 16
VisualStudioVersion = 16.0.31019.35
MinimumVisualStudioVersion = 10.0.40219.1
Project("{FAE04EC0-301F-11D3-BF4B-00C04F79EFBC}") = "PolyclinicSystem", "PolyclinicSystem\PolyclinicSystem.csproj", "{9280A70D-A34D-4489-901F-AB0313346171}"
EndProject
Global
	GlobalSection(SolutionConfigurationPlatforms) = preSolution
		Debug|Any CPU = Debug|Any CPU
		Release|Any CPU = Release|Any CPU
	EndGlobalSection
	GlobalSection(ProjectConfigurationPlatforms) = postSolution
		{9280A70D-A34D-4489-901F-AB0313346171}.Debug|Any CPU.ActiveCfg = Debug|Any CPU
		{9280A70D-A34D-4489-901F-AB0313346171}.Debug|Any CPU.Build.0 = Debug|Any CPU
		{9280A70D-A34D-4489-901F-AB0313346171}.Release|Any CPU.ActiveCfg = Release|Any CPU
		{9280A70D-A34D-4489-901F-AB0313346171}.Release|Any CPU.Build.0 = Release|Any CPU
	EndGlobalSection
	GlobalSection(SolutionProperties) = preSolution
		HideSolutionNode = FALSE
	EndGlobalSection
	GlobalSection(ExtensibilityGlobals) = postSolution
		SolutionGuid = {414024D9-8C31-44A7-A156-D1CCA48CDC87}
	EndGlobalSection
EndGlobal
